
Microsoft Visual Studio Solution File, Format Version 12.00
# Visual Studio Version 17
VisualStudioVersion = 17.13.35919.96 d17.13
MinimumVisualStudioVersion = 10.0.40219.1
Project("{FAE04EC0-301F-11D3-BF4B-00C04F79EFBC}") = "Assignment1.2.3", "Assignment1.2.3.csproj", "{A75C8B14-DB12-40AF-8F0F-2A9BE04D886C}"
EndProject
Global
	GlobalSection(SolutionConfigurationPlatforms) = preSolution
		Debug|Any CPU = Debug|Any CPU
		Release|Any CPU = Release|Any CPU
	EndGlobalSection
	GlobalSection(ProjectConfigurationPlatforms) = postSolution
		{A75C8B14-DB12-40AF-8F0F-2A9BE04D886C}.Debug|Any CPU.ActiveCfg = Debug|Any CPU
		{A75C8B14-DB12-40AF-8F0F-2A9BE04D886C}.Debug|Any CPU.Build.0 = Debug|Any CPU
		{A75C8B14-DB12-40AF-8F0F-2A9BE04D886C}.Release|Any CPU.ActiveCfg = Release|Any CPU
		{A75C8B14-DB12-40AF-8F0F-2A9BE04D886C}.Release|Any CPU.Build.0 = Release|Any CPU
	EndGlobalSection
	GlobalSection(SolutionProperties) = preSolution
		HideSolutionNode = FALSE
	EndGlobalSection
	GlobalSection(ExtensibilityGlobals) = postSolution
		SolutionGuid = {AFC227EC-B80A-4E78-B460-B83E61511A84}
	EndGlobalSection
EndGlobal
